// !$*UTF8*$!
{
	archiveVersion = 1;
	classes = {
	};
	objectVersion = 46;
	objects = {

/* Begin PBXBuildFile section */
		65AAEF0F1EAA8D2D0015515E /* AppDelegate.swift in Sources */ = {isa = PBXBuildFile; fileRef = 65AAEF0E1EAA8D2D0015515E /* AppDelegate.swift */; };
		65AAEF111EAA8D2D0015515E /* ViewController.swift in Sources */ = {isa = PBXBuildFile; fileRef = 65AAEF101EAA8D2D0015515E /* ViewController.swift */; };
		65AAEF141EAA8D2D0015515E /* Main.storyboard in Resources */ = {isa = PBXBuildFile; fileRef = 65AAEF121EAA8D2D0015515E /* Main.storyboard */; };
		65AAEF171EAA8D2D0015515E /* Soundboard.xcdatamodeld in Sources */ = {isa = PBXBuildFile; fileRef = 65AAEF151EAA8D2D0015515E /* Soundboard.xcdatamodeld */; };
		65AAEF191EAA8D2D0015515E /* Assets.xcassets in Resources */ = {isa = PBXBuildFile; fileRef = 65AAEF181EAA8D2D0015515E /* Assets.xcassets */; };
		65AAEF1C1EAA8D2D0015515E /* LaunchScreen.storyboard in Resources */ = {isa = PBXBuildFile; fileRef = 65AAEF1A1EAA8D2D0015515E /* LaunchScreen.storyboard */; };
		65AAEF241EAA91080015515E /* SoundViewController.swift in Sources */ = {isa = PBXBuildFile; fileRef = 65AAEF231EAA91080015515E /* SoundViewController.swift */; };
/* End PBXBuildFile section */

/* Begin PBXFileReference section */
		65AAEF0B1EAA8D2D0015515E /* Soundboard.app */ = {isa = PBXFileReference; explicitFileType = wrapper.application; includeInIndex = 0; path = Soundboard.app; sourceTree = BUILT_PRODUCTS_DIR; };
		65AAEF0E1EAA8D2D0015515E /* AppDelegate.swift */ = {isa = PBXFileReference; lastKnownFileType = sourcecode.swift; path = AppDelegate.swift; sourceTree = "<group>"; };
		65AAEF101EAA8D2D0015515E /* ViewController.swift */ = {isa = PBXFileReference; lastKnownFileType = sourcecode.swift; path = ViewController.swift; sourceTree = "<group>"; };
		65AAEF131EAA8D2D0015515E /* Base */ = {isa = PBXFileReference; lastKnownFileType = file.storyboard; name = Base; path = Base.lproj/Main.storyboard; sourceTree = "<group>"; };
		65AAEF161EAA8D2D0015515E /* Soundboard.xcdatamodel */ = {isa = PBXFileReference; lastKnownFileType = wrapper.xcdatamodel; path = Soundboard.xcdatamodel; sourceTree = "<group>"; };
		65AAEF181EAA8D2D0015515E /* Assets.xcassets */ = {isa = PBXFileReference; lastKnownFileType = folder.assetcatalog; path = Assets.xcassets; sourceTree = "<group>"; };
		65AAEF1B1EAA8D2D0015515E /* Base */ = {isa = PBXFileReference; lastKnownFileType = file.storyboard; name = Base; path = Base.lproj/LaunchScreen.storyboard; sourceTree = "<group>"; };
		65AAEF1D1EAA8D2D0015515E /* Info.plist */ = {isa = PBXFileReference; lastKnownFileType = text.plist.xml; path = Info.plist; sourceTree = "<group>"; };
		65AAEF231EAA91080015515E /* SoundViewController.swift */ = {isa = PBXFileReference; fileEncoding = 4; lastKnownFileType = sourcecode.swift; path = SoundViewController.swift; sourceTree = "<group>"; };
/* End PBXFileReference section */

/* Begin PBXFrameworksBuildPhase section */
		65AAEF081EAA8D2D0015515E /* Frameworks */ = {
			isa = PBXFrameworksBuildPhase;
			buildActionMask = 2147483647;
			files = (
			);
			runOnlyForDeploymentPostprocessing = 0;
		};
/* End PBXFrameworksBuildPhase section */

/* Begin PBXGroup section */
		65AAEF021EAA8D2D0015515E = {
			isa = PBXGroup;
			children = (
				65AAEF0D1EAA8D2D0015515E /* Soundboard */,
				65AAEF0C1EAA8D2D0015515E /* Products */,
			);
			sourceTree = "<group>";
		};
		65AAEF0C1EAA8D2D0015515E /* Products */ = {
			isa = PBXGroup;
			children = (
				65AAEF0B1EAA8D2D0015515E /* Soundboard.app */,
			);
			name = Products;
			sourceTree = "<group>";
		};
		65AAEF0D1EAA8D2D0015515E /* Soundboard */ = {
			isa = PBXGroup;
			children = (
				65AAEF0E1EAA8D2D0015515E /* AppDelegate.swift */,
				65AAEF101EAA8D2D0015515E /* ViewController.swift */,
				65AAEF121EAA8D2D0015515E /* Main.storyboard */,
				65AAEF231EAA91080015515E /* SoundViewController.swift */,
				65AAEF181EAA8D2D0015515E /* Assets.xcassets */,
				65AAEF1A1EAA8D2D0015515E /* LaunchScreen.storyboard */,
				65AAEF1D1EAA8D2D0015515E /* Info.plist */,
				65AAEF151EAA8D2D0015515E /* Soundboard.xcdatamodeld */,
			);
			path = Soundboard;
			sourceTree = "<group>";
		};
/* End PBXGroup section */

/* Begin PBXNativeTarget section */
		65AAEF0A1EAA8D2D0015515E /* Soundboard */ = {
			isa = PBXNativeTarget;
			buildConfigurationList = 65AAEF201EAA8D2D0015515E /* Build configuration list for PBXNativeTarget "Soundboard" */;
			buildPhases = (
				65AAEF071EAA8D2D0015515E /* Sources */,
				65AAEF081EAA8D2D0015515E /* Frameworks */,
				65AAEF091EAA8D2D0015515E /* Resources */,
			);
			buildRules = (
			);
			dependencies = (
			);
			name = Soundboard;
			productName = Soundboard;
			productReference = 65AAEF0B1EAA8D2D0015515E /* Soundboard.app */;
			productType = "com.apple.product-type.application";
		};
/* End PBXNativeTarget section */

/* Begin PBXProject section */
		65AAEF031EAA8D2D0015515E /* Project object */ = {
			isa = PBXProject;
			attributes = {
				LastSwiftUpdateCheck = 0830;
				LastUpgradeCheck = 0830;
				ORGANIZATIONNAME = "Tommy Poon";
				TargetAttributes = {
					65AAEF0A1EAA8D2D0015515E = {
						CreatedOnToolsVersion = 8.3.1;
						ProvisioningStyle = Automatic;
					};
				};
			};
			buildConfigurationList = 65AAEF061EAA8D2D0015515E /* Build configuration list for PBXProject "Soundboard" */;
			compatibilityVersion = "Xcode 3.2";
			developmentRegion = English;
			hasScannedForEncodings = 0;
			knownRegions = (
				en,
				Base,
			);
			mainGroup = 65AAEF021EAA8D2D0015515E;
			productRefGroup = 65AAEF0C1EAA8D2D0015515E /* Products */;
			projectDirPath = "";
			projectRoot = "";
			targets = (
				65AAEF0A1EAA8D2D0015515E /* Soundboard */,
			);
		};
/* End PBXProject section */

/* Begin PBXResourcesBuildPhase section */
		65AAEF091EAA8D2D0015515E /* Resources */ = {
			isa = PBXResourcesBuildPhase;
			buildActionMask = 2147483647;
			files = (
				65AAEF1C1EAA8D2D0015515E /* LaunchScreen.storyboard in Resources */,
				65AAEF191EAA8D2D0015515E /* Assets.xcassets in Resources */,
				65AAEF141EAA8D2D0015515E /* Main.storyboard in Resources */,
			);
			runOnlyForDeploymentPostprocessing = 0;
		};
/* End PBXResourcesBuildPhase section */

/* Begin PBXSourcesBuildPhase section */
		65AAEF071EAA8D2D0015515E /* Sources */ = {
			isa = PBXSourcesBuildPhase;
			buildActionMask = 2147483647;
			files = (
				65AAEF241EAA91080015515E /* SoundViewController.swift in Sources */,
				65AAEF111EAA8D2D0015515E /* ViewController.swift in Sources */,
				65AAEF171EAA8D2D0015515E /* Soundboard.xcdatamodeld in Sources */,
				65AAEF0F1EAA8D2D0015515E /* AppDelegate.swift in Sources */,
			);
			runOnlyForDeploymentPostprocessing = 0;
		};
/* End PBXSourcesBuildPhase section */

/* Begin PBXVariantGroup section */
		65AAEF121EAA8D2D0015515E /* Main.storyboard */ = {
			isa = PBXVariantGroup;
			children = (
				65AAEF131EAA8D2D0015515E /* Base */,
			);
			name = Main.storyboard;
			sourceTree = "<group>";
		};
		65AAEF1A1EAA8D2D0015515E /* LaunchScreen.storyboard */ = {
			isa = PBXVariantGroup;
			children = (
				65AAEF1B1EAA8D2D0015515E /* Base */,
			);
			name = LaunchScreen.storyboard;
			sourceTree = "<group>";
		};
/* End PBXVariantGroup section */

/* Begin XCBuildConfiguration section */
		65AAEF1E1EAA8D2D0015515E /* Debug */ = {
			isa = XCBuildConfiguration;
			buildSettings = {
				ALWAYS_SEARCH_USER_PATHS = NO;
				CLANG_ANALYZER_NONNULL = YES;
				CLANG_ANALYZER_NUMBER_OBJECT_CONVERSION = YES_AGGRESSIVE;
				CLANG_CXX_LANGUAGE_STANDARD = "gnu++0x";
				CLANG_CXX_LIBRARY = "libc++";
				CLANG_ENABLE_MODULES = YES;
				CLANG_ENABLE_OBJC_ARC = YES;
				CLANG_WARN_BOOL_CONVERSION = YES;
				CLANG_WARN_CONSTANT_CONVERSION = YES;
				CLANG_WARN_DIRECT_OBJC_ISA_USAGE = YES_ERROR;
				CLANG_WARN_DOCUMENTATION_COMMENTS = YES;
				CLANG_WARN_EMPTY_BODY = YES;
				CLANG_WARN_ENUM_CONVERSION = YES;
				CLANG_WARN_INFINITE_RECURSION = YES;
				CLANG_WARN_INT_CONVERSION = YES;
				CLANG_WARN_OBJC_ROOT_CLASS = YES_ERROR;
				CLANG_WARN_SUSPICIOUS_MOVE = YES;
				CLANG_WARN_UNREACHABLE_CODE = YES;
				CLANG_WARN__DUPLICATE_METHOD_MATCH = YES;
				"CODE_SIGN_IDENTITY[sdk=iphoneos*]" = "iPhone Developer";
				COPY_PHASE_STRIP = NO;
				DEBUG_INFORMATION_FORMAT = dwarf;
				ENABLE_STRICT_OBJC_MSGSEND = YES;
				ENABLE_TESTABILITY = YES;
				GCC_C_LANGUAGE_STANDARD = gnu99;
				GCC_DYNAMIC_NO_PIC = NO;
				GCC_NO_COMMON_BLOCKS = YES;
				GCC_OPTIMIZATION_LEVEL = 0;
				GCC_PREPROCESSOR_DEFINITIONS = (
					"DEBUG=1",
					"$(inherited)",
				);
				GCC_WARN_64_TO_32_BIT_CONVERSION = YES;
				GCC_WARN_ABOUT_RETURN_TYPE = YES_ERROR;
				GCC_WARN_UNDECLARED_SELECTOR = YES;
				GCC_WARN_UNINITIALIZED_AUTOS = YES_AGGRESSIVE;
				GCC_WARN_UNUSED_FUNCTION = YES;
				GCC_WARN_UNUSED_VARIABLE = YES;
				IPHONEOS_DEPLOYMENT_TARGET = 10.3;
				MTL_ENABLE_DEBUG_INFO = YES;
				ONLY_ACTIVE_ARCH = YES;
				SDKROOT = iphoneos;
				SWIFT_ACTIVE_COMPILATION_CONDITIONS = DEBUG;
				SWIFT_OPTIMIZATION_LEVEL = "-Onone";
				TARGETED_DEVICE_FAMILY = "1,2";
			};
			name = Debug;
		};
		65AAEF1F1EAA8D2D0015515E /* Release */ = {
			isa = XCBuildConfiguration;
			buildSettings = {
				ALWAYS_SEARCH_USER_PATHS = NO;
				CLANG_ANALYZER_NONNULL = YES;
				CLANG_ANALYZER_NUMBER_OBJECT_CONVERSION = YES_AGGRESSIVE;
				CLANG_CXX_LANGUAGE_STANDARD = "gnu++0x";
				CLANG_CXX_LIBRARY = "libc++";
				CLANG_ENABLE_MODULES = YES;
				CLANG_ENABLE_OBJC_ARC = YES;
				CLANG_WARN_BOOL_CONVERSION = YES;
				CLANG_WARN_CONSTANT_CONVERSION = YES;
				CLANG_WARN_DIRECT_OBJC_ISA_USAGE = YES_ERROR;
				CLANG_WARN_DOCUMENTATION_COMMENTS = YES;
				CLANG_WARN_EMPTY_BODY = YES;
				CLANG_WARN_ENUM_CONVERSION = YES;
				CLANG_WARN_INFINITE_RECURSION = YES;
				CLANG_WARN_INT_CONVERSION = YES;
				CLANG_WARN_OBJC_ROOT_CLASS = YES_ERROR;
				CLANG_WARN_SUSPICIOUS_MOVE = YES;
				CLANG_WARN_UNREACHABLE_CODE = YES;
				CLANG_WARN__DUPLICATE_METHOD_MATCH = YES;
				"CODE_SIGN_IDENTITY[sdk=iphoneos*]" = "iPhone Developer";
				COPY_PHASE_STRIP = NO;
				DEBUG_INFORMATION_FORMAT = "dwarf-with-dsym";
				ENABLE_NS_ASSERTIONS = NO;
				ENABLE_STRICT_OBJC_MSGSEND = YES;
				GCC_C_LANGUAGE_STANDARD = gnu99;
				GCC_NO_COMMON_BLOCKS = YES;
				GCC_WARN_64_TO_32_BIT_CONVERSION = YES;
				GCC_WARN_ABOUT_RETURN_TYPE = YES_ERROR;
				GCC_WARN_UNDECLARED_SELECTOR = YES;
				GCC_WARN_UNINITIALIZED_AUTOS = YES_AGGRESSIVE;
				GCC_WARN_UNUSED_FUNCTION = YES;
				GCC_WARN_UNUSED_VARIABLE = YES;
				IPHONEOS_DEPLOYMENT_TARGET = 10.3;
				MTL_ENABLE_DEBUG_INFO = NO;
				SDKROOT = iphoneos;
				SWIFT_OPTIMIZATION_LEVEL = "-Owholemodule";
				TARGETED_DEVICE_FAMILY = "1,2";
				VALIDATE_PRODUCT = YES;
			};
			name = Release;
		};
		65AAEF211EAA8D2D0015515E /* Debug */ = {
			isa = XCBuildConfiguration;
			buildSettings = {
				ASSETCATALOG_COMPILER_APPICON_NAME = AppIcon;
				INFOPLIST_FILE = Soundboard/Info.plist;
				LD_RUNPATH_SEARCH_PATHS = "$(inherited) @executable_path/Frameworks";
				PRODUCT_BUNDLE_IDENTIFIER = com.tom.Soundboard;
				PRODUCT_NAME = "$(TARGET_NAME)";
				SWIFT_VERSION = 3.0;
			};
			name = Debug;
		};
		65AAEF221EAA8D2D0015515E /* Release */ = {
			isa = XCBuildConfiguration;
			buildSettings = {
				ASSETCATALOG_COMPILER_APPICON_NAME = AppIcon;
				INFOPLIST_FILE = Soundboard/Info.plist;
				LD_RUNPATH_SEARCH_PATHS = "$(inherited) @executable_path/Frameworks";
				PRODUCT_BUNDLE_IDENTIFIER = com.tom.Soundboard;
				PRODUCT_NAME = "$(TARGET_NAME)";
				SWIFT_VERSION = 3.0;
			};
			name = Release;
		};
/* End XCBuildConfiguration section */

/* Begin XCConfigurationList section */
		65AAEF061EAA8D2D0015515E /* Build configuration list for PBXProject "Soundboard" */ = {
			isa = XCConfigurationList;
			buildConfigurations = (
				65AAEF1E1EAA8D2D0015515E /* Debug */,
				65AAEF1F1EAA8D2D0015515E /* Release */,
			);
			defaultConfigurationIsVisible = 0;
			defaultConfigurationName = Release;
		};
		65AAEF201EAA8D2D0015515E /* Build configuration list for PBXNativeTarget "Soundboard" */ = {
			isa = XCConfigurationList;
			buildConfigurations = (
				65AAEF211EAA8D2D0015515E /* Debug */,
				65AAEF221EAA8D2D0015515E /* Release */,
			);
			defaultConfigurationIsVisible = 0;
		};
/* End XCConfigurationList section */

/* Begin XCVersionGroup section */
		65AAEF151EAA8D2D0015515E /* Soundboard.xcdatamodeld */ = {
			isa = XCVersionGroup;
			children = (
				65AAEF161EAA8D2D0015515E /* Soundboard.xcdatamodel */,
			);
			currentVersion = 65AAEF161EAA8D2D0015515E /* Soundboard.xcdatamodel */;
			path = Soundboard.xcdatamodeld;
			sourceTree = "<group>";
			versionGroupType = wrapper.xcdatamodel;
		};
/* End XCVersionGroup section */
	};
	rootObject = 65AAEF031EAA8D2D0015515E /* Project object */;
}
